
Microsoft Visual Studio Solution File, Format Version 12.00
# Visual Studio 15
Project("{FAE04EC0-301F-11D3-BF4B-00C04F79EFBC}") = "Assembly-CSharp", "Assembly-CSharp.csproj", "{AFA014D6-0627-E68F-AB6F-CFAF24C0DA01}"
EndProject
Project("{FAE04EC0-301F-11D3-BF4B-00C04F79EFBC}") = "Assembly-CSharp-firstpass", "Assembly-CSharp-firstpass.csproj", "{7EB39C7D-4050-C232-1BFD-164A8B0ADC18}"
EndProject
Global
	GlobalSection(SolutionConfigurationPlatforms) = preSolution
		Debug|Any CPU = Debug|Any CPU
		Release|Any CPU = Release|Any CPU
	EndGlobalSection
	GlobalSection(ProjectConfigurationPlatforms) = postSolution
		{AFA014D6-0627-E68F-AB6F-CFAF24C0DA01}.Debug|Any CPU.ActiveCfg = Debug|Any CPU
		{AFA014D6-0627-E68F-AB6F-CFAF24C0DA01}.Debug|Any CPU.Build.0 = Debug|Any CPU
		{AFA014D6-0627-E68F-AB6F-CFAF24C0DA01}.Release|Any CPU.ActiveCfg = Release|Any CPU
		{AFA014D6-0627-E68F-AB6F-CFAF24C0DA01}.Release|Any CPU.Build.0 = Release|Any CPU
		{7EB39C7D-4050-C232-1BFD-164A8B0ADC18}.Debug|Any CPU.ActiveCfg = Debug|Any CPU
		{7EB39C7D-4050-C232-1BFD-164A8B0ADC18}.Debug|Any CPU.Build.0 = Debug|Any CPU
		{7EB39C7D-4050-C232-1BFD-164A8B0ADC18}.Release|Any CPU.ActiveCfg = Release|Any CPU
		{7EB39C7D-4050-C232-1BFD-164A8B0ADC18}.Release|Any CPU.Build.0 = Release|Any CPU
	EndGlobalSection
	GlobalSection(SolutionProperties) = preSolution
		HideSolutionNode = FALSE
	EndGlobalSection
EndGlobal
