
Microsoft Visual Studio Solution File, Format Version 12.00
# Visual Studio 15
Project("{FAE04EC0-301F-11D3-BF4B-00C04F79EFBC}") = "Assembly-CSharp", "Assembly-CSharp.csproj", "{61CF8DED-6B67-5B6D-7816-4F435F37864D}"
EndProject
Project("{FAE04EC0-301F-11D3-BF4B-00C04F79EFBC}") = "Assembly-CSharp-firstpass", "Assembly-CSharp-firstpass.csproj", "{026C6884-66E6-553E-E7E4-A81840911515}"
EndProject
Global
	GlobalSection(SolutionConfigurationPlatforms) = preSolution
		Debug|Any CPU = Debug|Any CPU
		Release|Any CPU = Release|Any CPU
	EndGlobalSection
	GlobalSection(ProjectConfigurationPlatforms) = postSolution
		{61CF8DED-6B67-5B6D-7816-4F435F37864D}.Debug|Any CPU.ActiveCfg = Debug|Any CPU
		{61CF8DED-6B67-5B6D-7816-4F435F37864D}.Debug|Any CPU.Build.0 = Debug|Any CPU
		{61CF8DED-6B67-5B6D-7816-4F435F37864D}.Release|Any CPU.ActiveCfg = Release|Any CPU
		{61CF8DED-6B67-5B6D-7816-4F435F37864D}.Release|Any CPU.Build.0 = Release|Any CPU
		{026C6884-66E6-553E-E7E4-A81840911515}.Debug|Any CPU.ActiveCfg = Debug|Any CPU
		{026C6884-66E6-553E-E7E4-A81840911515}.Debug|Any CPU.Build.0 = Debug|Any CPU
		{026C6884-66E6-553E-E7E4-A81840911515}.Release|Any CPU.ActiveCfg = Release|Any CPU
		{026C6884-66E6-553E-E7E4-A81840911515}.Release|Any CPU.Build.0 = Release|Any CPU
	EndGlobalSection
	GlobalSection(SolutionProperties) = preSolution
		HideSolutionNode = FALSE
	EndGlobalSection
EndGlobal
